// !$*UTF8*$!
{
	archiveVersion = 1;
	classes = {
	};
	objectVersion = 46;
	objects = {

/* Begin PBXBuildFile section */
		33F89BDD4E668DBDC3938DF4 /* Pods_Below_Me_.framework in Frameworks */ = {isa = PBXBuildFile; fileRef = 1E3D92A0BA2A654B90DFC54C /* Pods_Below_Me_.framework */; };
		3F0693EE1DADD96D00969B6D /* ColorUtils.swift in Sources */ = {isa = PBXBuildFile; fileRef = 3F0693ED1DADD96D00969B6D /* ColorUtils.swift */; };
		3FA590B31DAD7F45003665A0 /* AppDelegate.swift in Sources */ = {isa = PBXBuildFile; fileRef = 3FA590B21DAD7F45003665A0 /* AppDelegate.swift */; };
		3FA590C81DAD7F45003665A0 /* Below_Me_Tests.swift in Sources */ = {isa = PBXBuildFile; fileRef = 3FA590C71DAD7F45003665A0 /* Below_Me_Tests.swift */; };
		3FA590D31DAD7F45003665A0 /* Below_Me_UITests.swift in Sources */ = {isa = PBXBuildFile; fileRef = 3FA590D21DAD7F45003665A0 /* Below_Me_UITests.swift */; };
		3FA590E71DAD7FE2003665A0 /* Info.plist in Resources */ = {isa = PBXBuildFile; fileRef = 3FA590E51DAD7FE2003665A0 /* Info.plist */; };
		3FA590E81DAD7FE2003665A0 /* Assets.xcassets in Resources */ = {isa = PBXBuildFile; fileRef = 3FA590E61DAD7FE2003665A0 /* Assets.xcassets */; };
		3FA590EA1DAD7FEC003665A0 /* LaunchScreen.storyboard in Resources */ = {isa = PBXBuildFile; fileRef = 3FA590E91DAD7FEC003665A0 /* LaunchScreen.storyboard */; };
		3FA590EC1DAD8009003665A0 /* Onboarding.storyboard in Resources */ = {isa = PBXBuildFile; fileRef = 3FA590EB1DAD8009003665A0 /* Onboarding.storyboard */; };
		3FA590EE1DAD8022003665A0 /* Results.storyboard in Resources */ = {isa = PBXBuildFile; fileRef = 3FA590ED1DAD8022003665A0 /* Results.storyboard */; };
		3FA590F01DAD8058003665A0 /* Place.swift in Sources */ = {isa = PBXBuildFile; fileRef = 3FA590EF1DAD8058003665A0 /* Place.swift */; };
		3FA590F21DAD8084003665A0 /* UserUtils.swift in Sources */ = {isa = PBXBuildFile; fileRef = 3FA590F11DAD8084003665A0 /* UserUtils.swift */; };
		3FA590F41DAD8094003665A0 /* APIUtils.swift in Sources */ = {isa = PBXBuildFile; fileRef = 3FA590F31DAD8094003665A0 /* APIUtils.swift */; };
		3FA590F81DAD81B1003665A0 /* ResultsViewController.swift in Sources */ = {isa = PBXBuildFile; fileRef = 3FA590F71DAD81B1003665A0 /* ResultsViewController.swift */; };
		3FA590FA1DAD81D9003665A0 /* OnboardingViewController.swift in Sources */ = {isa = PBXBuildFile; fileRef = 3FA590F91DAD81D9003665A0 /* OnboardingViewController.swift */; };
		3FFCA0EC1DAD8A6F0009C165 /* Constants.swift in Sources */ = {isa = PBXBuildFile; fileRef = 3FFCA0EB1DAD8A6F0009C165 /* Constants.swift */; };
/* End PBXBuildFile section */

/* Begin PBXContainerItemProxy section */
		3FA590C41DAD7F45003665A0 /* PBXContainerItemProxy */ = {
			isa = PBXContainerItemProxy;
			containerPortal = 3FA590A71DAD7F45003665A0 /* Project object */;
			proxyType = 1;
			remoteGlobalIDString = 3FA590AE1DAD7F45003665A0;
			remoteInfo = "Below Me?";
		};
		3FA590CF1DAD7F45003665A0 /* PBXContainerItemProxy */ = {
			isa = PBXContainerItemProxy;
			containerPortal = 3FA590A71DAD7F45003665A0 /* Project object */;
			proxyType = 1;
			remoteGlobalIDString = 3FA590AE1DAD7F45003665A0;
			remoteInfo = "Below Me?";
		};
/* End PBXContainerItemProxy section */

/* Begin PBXFileReference section */
		1E3D92A0BA2A654B90DFC54C /* Pods_Below_Me_.framework */ = {isa = PBXFileReference; explicitFileType = wrapper.framework; includeInIndex = 0; path = Pods_Below_Me_.framework; sourceTree = BUILT_PRODUCTS_DIR; };
		3F0693ED1DADD96D00969B6D /* ColorUtils.swift */ = {isa = PBXFileReference; fileEncoding = 4; lastKnownFileType = sourcecode.swift; name = ColorUtils.swift; path = Utilities/ColorUtils.swift; sourceTree = "<group>"; };
		3FA590AF1DAD7F45003665A0 /* Below Me?.app */ = {isa = PBXFileReference; explicitFileType = wrapper.application; includeInIndex = 0; path = "Below Me?.app"; sourceTree = BUILT_PRODUCTS_DIR; };
		3FA590B21DAD7F45003665A0 /* AppDelegate.swift */ = {isa = PBXFileReference; lastKnownFileType = sourcecode.swift; path = AppDelegate.swift; sourceTree = "<group>"; };
		3FA590C31DAD7F45003665A0 /* Below Me?Tests.xctest */ = {isa = PBXFileReference; explicitFileType = wrapper.cfbundle; includeInIndex = 0; path = "Below Me?Tests.xctest"; sourceTree = BUILT_PRODUCTS_DIR; };
		3FA590C71DAD7F45003665A0 /* Below_Me_Tests.swift */ = {isa = PBXFileReference; lastKnownFileType = sourcecode.swift; path = Below_Me_Tests.swift; sourceTree = "<group>"; };
		3FA590C91DAD7F45003665A0 /* Info.plist */ = {isa = PBXFileReference; lastKnownFileType = text.plist.xml; path = Info.plist; sourceTree = "<group>"; };
		3FA590CE1DAD7F45003665A0 /* Below Me?UITests.xctest */ = {isa = PBXFileReference; explicitFileType = wrapper.cfbundle; includeInIndex = 0; path = "Below Me?UITests.xctest"; sourceTree = BUILT_PRODUCTS_DIR; };
		3FA590D21DAD7F45003665A0 /* Below_Me_UITests.swift */ = {isa = PBXFileReference; lastKnownFileType = sourcecode.swift; path = Below_Me_UITests.swift; sourceTree = "<group>"; };
		3FA590D41DAD7F45003665A0 /* Info.plist */ = {isa = PBXFileReference; lastKnownFileType = text.plist.xml; path = Info.plist; sourceTree = "<group>"; };
		3FA590E51DAD7FE2003665A0 /* Info.plist */ = {isa = PBXFileReference; fileEncoding = 4; lastKnownFileType = text.plist.xml; name = Info.plist; path = "Supporting Files/Info.plist"; sourceTree = "<group>"; };
		3FA590E61DAD7FE2003665A0 /* Assets.xcassets */ = {isa = PBXFileReference; lastKnownFileType = folder.assetcatalog; name = Assets.xcassets; path = "Supporting Files/Assets.xcassets"; sourceTree = "<group>"; };
		3FA590E91DAD7FEC003665A0 /* LaunchScreen.storyboard */ = {isa = PBXFileReference; fileEncoding = 4; lastKnownFileType = file.storyboard; name = LaunchScreen.storyboard; path = Views/LaunchScreen.storyboard; sourceTree = "<group>"; };
		3FA590EB1DAD8009003665A0 /* Onboarding.storyboard */ = {isa = PBXFileReference; fileEncoding = 4; lastKnownFileType = file.storyboard; name = Onboarding.storyboard; path = Views/Onboarding.storyboard; sourceTree = "<group>"; };
		3FA590ED1DAD8022003665A0 /* Results.storyboard */ = {isa = PBXFileReference; fileEncoding = 4; lastKnownFileType = file.storyboard; name = Results.storyboard; path = Views/Results.storyboard; sourceTree = "<group>"; };
		3FA590EF1DAD8058003665A0 /* Place.swift */ = {isa = PBXFileReference; fileEncoding = 4; lastKnownFileType = sourcecode.swift; name = Place.swift; path = Models/Place.swift; sourceTree = "<group>"; };
		3FA590F11DAD8084003665A0 /* UserUtils.swift */ = {isa = PBXFileReference; fileEncoding = 4; lastKnownFileType = sourcecode.swift; name = UserUtils.swift; path = Utilities/UserUtils.swift; sourceTree = "<group>"; };
		3FA590F31DAD8094003665A0 /* APIUtils.swift */ = {isa = PBXFileReference; fileEncoding = 4; lastKnownFileType = sourcecode.swift; name = APIUtils.swift; path = Utilities/APIUtils.swift; sourceTree = "<group>"; };
		3FA590F71DAD81B1003665A0 /* ResultsViewController.swift */ = {isa = PBXFileReference; fileEncoding = 4; lastKnownFileType = sourcecode.swift; name = ResultsViewController.swift; path = Controllers/Results/ResultsViewController.swift; sourceTree = "<group>"; };
		3FA590F91DAD81D9003665A0 /* OnboardingViewController.swift */ = {isa = PBXFileReference; fileEncoding = 4; lastKnownFileType = sourcecode.swift; name = OnboardingViewController.swift; path = Controllers/Onboarding/OnboardingViewController.swift; sourceTree = "<group>"; };
		3FFCA0EB1DAD8A6F0009C165 /* Constants.swift */ = {isa = PBXFileReference; fileEncoding = 4; lastKnownFileType = sourcecode.swift; name = Constants.swift; path = "Supporting Files/Constants.swift"; sourceTree = "<group>"; };
		7021D83AB151FF7DEA566331 /* Pods-Below Me?.debug.xcconfig */ = {isa = PBXFileReference; includeInIndex = 1; lastKnownFileType = text.xcconfig; name = "Pods-Below Me?.debug.xcconfig"; path = "Pods/Target Support Files/Pods-Below Me?/Pods-Below Me?.debug.xcconfig"; sourceTree = "<group>"; };
		8A7A9392D8723C8078B05FBD /* Pods-Below Me?.release.xcconfig */ = {isa = PBXFileReference; includeInIndex = 1; lastKnownFileType = text.xcconfig; name = "Pods-Below Me?.release.xcconfig"; path = "Pods/Target Support Files/Pods-Below Me?/Pods-Below Me?.release.xcconfig"; sourceTree = "<group>"; };
/* End PBXFileReference section */

/* Begin PBXFrameworksBuildPhase section */
		3FA590AC1DAD7F45003665A0 /* Frameworks */ = {
			isa = PBXFrameworksBuildPhase;
			buildActionMask = 2147483647;
			files = (
				33F89BDD4E668DBDC3938DF4 /* Pods_Below_Me_.framework in Frameworks */,
			);
			runOnlyForDeploymentPostprocessing = 0;
		};
		3FA590C01DAD7F45003665A0 /* Frameworks */ = {
			isa = PBXFrameworksBuildPhase;
			buildActionMask = 2147483647;
			files = (
			);
			runOnlyForDeploymentPostprocessing = 0;
		};
		3FA590CB1DAD7F45003665A0 /* Frameworks */ = {
			isa = PBXFrameworksBuildPhase;
			buildActionMask = 2147483647;
			files = (
			);
			runOnlyForDeploymentPostprocessing = 0;
		};
/* End PBXFrameworksBuildPhase section */

/* Begin PBXGroup section */
		3C08202324E4BF62EF12AA7C /* Pods */ = {
			isa = PBXGroup;
			children = (
				7021D83AB151FF7DEA566331 /* Pods-Below Me?.debug.xcconfig */,
				8A7A9392D8723C8078B05FBD /* Pods-Below Me?.release.xcconfig */,
			);
			name = Pods;
			sourceTree = "<group>";
		};
		3FA590A61DAD7F45003665A0 = {
			isa = PBXGroup;
			children = (
				3FA590B11DAD7F45003665A0 /* Below Me? */,
				3FA590C61DAD7F45003665A0 /* Below Me?Tests */,
				3FA590D11DAD7F45003665A0 /* Below Me?UITests */,
				3FA590B01DAD7F45003665A0 /* Products */,
				3C08202324E4BF62EF12AA7C /* Pods */,
				C319E01ADCEF1B1C74871F3D /* Frameworks */,
			);
			sourceTree = "<group>";
		};
		3FA590B01DAD7F45003665A0 /* Products */ = {
			isa = PBXGroup;
			children = (
				3FA590AF1DAD7F45003665A0 /* Below Me?.app */,
				3FA590C31DAD7F45003665A0 /* Below Me?Tests.xctest */,
				3FA590CE1DAD7F45003665A0 /* Below Me?UITests.xctest */,
			);
			name = Products;
			sourceTree = "<group>";
		};
		3FA590B11DAD7F45003665A0 /* Below Me? */ = {
			isa = PBXGroup;
			children = (
				3FA590B21DAD7F45003665A0 /* AppDelegate.swift */,
				3FA590E11DAD7FB5003665A0 /* Models */,
				3FA590E21DAD7FBD003665A0 /* Views */,
				3FA590E31DAD7FC2003665A0 /* Controllers */,
				3FA590E41DAD7FC7003665A0 /* Utilities */,
				3FA590E01DAD7FAD003665A0 /* Supporting Files */,
			);
			path = "Below Me?";
			sourceTree = "<group>";
		};
		3FA590C61DAD7F45003665A0 /* Below Me?Tests */ = {
			isa = PBXGroup;
			children = (
				3FA590C71DAD7F45003665A0 /* Below_Me_Tests.swift */,
				3FA590C91DAD7F45003665A0 /* Info.plist */,
			);
			path = "Below Me?Tests";
			sourceTree = "<group>";
		};
		3FA590D11DAD7F45003665A0 /* Below Me?UITests */ = {
			isa = PBXGroup;
			children = (
				3FA590D21DAD7F45003665A0 /* Below_Me_UITests.swift */,
				3FA590D41DAD7F45003665A0 /* Info.plist */,
			);
			path = "Below Me?UITests";
			sourceTree = "<group>";
		};
		3FA590E01DAD7FAD003665A0 /* Supporting Files */ = {
			isa = PBXGroup;
			children = (
				3FA590E51DAD7FE2003665A0 /* Info.plist */,
				3FA590E61DAD7FE2003665A0 /* Assets.xcassets */,
				3FFCA0EB1DAD8A6F0009C165 /* Constants.swift */,
			);
			name = "Supporting Files";
			sourceTree = "<group>";
		};
		3FA590E11DAD7FB5003665A0 /* Models */ = {
			isa = PBXGroup;
			children = (
				3FA590EF1DAD8058003665A0 /* Place.swift */,
			);
			name = Models;
			sourceTree = "<group>";
		};
		3FA590E21DAD7FBD003665A0 /* Views */ = {
			isa = PBXGroup;
			children = (
				3FA590E91DAD7FEC003665A0 /* LaunchScreen.storyboard */,
				3FA590EB1DAD8009003665A0 /* Onboarding.storyboard */,
				3FA590ED1DAD8022003665A0 /* Results.storyboard */,
			);
			name = Views;
			sourceTree = "<group>";
		};
		3FA590E31DAD7FC2003665A0 /* Controllers */ = {
			isa = PBXGroup;
			children = (
				3FA590F61DAD80E3003665A0 /* Results */,
				3FA590F51DAD80DC003665A0 /* Onboarding */,
			);
			name = Controllers;
			sourceTree = "<group>";
		};
		3FA590E41DAD7FC7003665A0 /* Utilities */ = {
			isa = PBXGroup;
			children = (
				3FA590F11DAD8084003665A0 /* UserUtils.swift */,
				3FA590F31DAD8094003665A0 /* APIUtils.swift */,
				3F0693ED1DADD96D00969B6D /* ColorUtils.swift */,
			);
			name = Utilities;
			sourceTree = "<group>";
		};
		3FA590F51DAD80DC003665A0 /* Onboarding */ = {
			isa = PBXGroup;
			children = (
				3FA590F91DAD81D9003665A0 /* OnboardingViewController.swift */,
			);
			name = Onboarding;
			sourceTree = "<group>";
		};
		3FA590F61DAD80E3003665A0 /* Results */ = {
			isa = PBXGroup;
			children = (
				3FA590F71DAD81B1003665A0 /* ResultsViewController.swift */,
			);
			name = Results;
			sourceTree = "<group>";
		};
		C319E01ADCEF1B1C74871F3D /* Frameworks */ = {
			isa = PBXGroup;
			children = (
				1E3D92A0BA2A654B90DFC54C /* Pods_Below_Me_.framework */,
			);
			name = Frameworks;
			sourceTree = "<group>";
		};
/* End PBXGroup section */

/* Begin PBXNativeTarget section */
		3FA590AE1DAD7F45003665A0 /* Below Me? */ = {
			isa = PBXNativeTarget;
			buildConfigurationList = 3FA590D71DAD7F45003665A0 /* Build configuration list for PBXNativeTarget "Below Me?" */;
			buildPhases = (
				22AC9CAE6293596F4EF88493 /* Check Pods Manifest.lock */,
				3FA590AB1DAD7F45003665A0 /* Sources */,
				3FA590AC1DAD7F45003665A0 /* Frameworks */,
				3FA590AD1DAD7F45003665A0 /* Resources */,
				12C4C854FE61F46185D9E209 /* Embed Pods Frameworks */,
				775F0BE9233D7EEBD799AE5C /* Copy Pods Resources */,
			);
			buildRules = (
			);
			dependencies = (
			);
			name = "Below Me?";
			productName = "Below Me?";
			productReference = 3FA590AF1DAD7F45003665A0 /* Below Me?.app */;
			productType = "com.apple.product-type.application";
		};
		3FA590C21DAD7F45003665A0 /* Below Me?Tests */ = {
			isa = PBXNativeTarget;
			buildConfigurationList = 3FA590DA1DAD7F45003665A0 /* Build configuration list for PBXNativeTarget "Below Me?Tests" */;
			buildPhases = (
				3FA590BF1DAD7F45003665A0 /* Sources */,
				3FA590C01DAD7F45003665A0 /* Frameworks */,
				3FA590C11DAD7F45003665A0 /* Resources */,
			);
			buildRules = (
			);
			dependencies = (
				3FA590C51DAD7F45003665A0 /* PBXTargetDependency */,
			);
			name = "Below Me?Tests";
			productName = "Below Me?Tests";
			productReference = 3FA590C31DAD7F45003665A0 /* Below Me?Tests.xctest */;
			productType = "com.apple.product-type.bundle.unit-test";
		};
		3FA590CD1DAD7F45003665A0 /* Below Me?UITests */ = {
			isa = PBXNativeTarget;
			buildConfigurationList = 3FA590DD1DAD7F45003665A0 /* Build configuration list for PBXNativeTarget "Below Me?UITests" */;
			buildPhases = (
				3FA590CA1DAD7F45003665A0 /* Sources */,
				3FA590CB1DAD7F45003665A0 /* Frameworks */,
				3FA590CC1DAD7F45003665A0 /* Resources */,
			);
			buildRules = (
			);
			dependencies = (
				3FA590D01DAD7F45003665A0 /* PBXTargetDependency */,
			);
			name = "Below Me?UITests";
			productName = "Below Me?UITests";
			productReference = 3FA590CE1DAD7F45003665A0 /* Below Me?UITests.xctest */;
			productType = "com.apple.product-type.bundle.ui-testing";
		};
/* End PBXNativeTarget section */

/* Begin PBXProject section */
		3FA590A71DAD7F45003665A0 /* Project object */ = {
			isa = PBXProject;
			attributes = {
				LastSwiftUpdateCheck = 0800;
				LastUpgradeCheck = 0800;
				ORGANIZATIONNAME = "Mike Stuck";
				TargetAttributes = {
					3FA590AE1DAD7F45003665A0 = {
						CreatedOnToolsVersion = 8.0;
						DevelopmentTeam = 4X4RG77KE5;
						ProvisioningStyle = Automatic;
					};
					3FA590C21DAD7F45003665A0 = {
						CreatedOnToolsVersion = 8.0;
						DevelopmentTeam = 4X4RG77KE5;
						ProvisioningStyle = Automatic;
						TestTargetID = 3FA590AE1DAD7F45003665A0;
					};
					3FA590CD1DAD7F45003665A0 = {
						CreatedOnToolsVersion = 8.0;
						DevelopmentTeam = 4X4RG77KE5;
						ProvisioningStyle = Automatic;
						TestTargetID = 3FA590AE1DAD7F45003665A0;
					};
				};
			};
			buildConfigurationList = 3FA590AA1DAD7F45003665A0 /* Build configuration list for PBXProject "Below Me?" */;
			compatibilityVersion = "Xcode 3.2";
			developmentRegion = English;
			hasScannedForEncodings = 0;
			knownRegions = (
				en,
				Base,
			);
			mainGroup = 3FA590A61DAD7F45003665A0;
			productRefGroup = 3FA590B01DAD7F45003665A0 /* Products */;
			projectDirPath = "";
			projectRoot = "";
			targets = (
				3FA590AE1DAD7F45003665A0 /* Below Me? */,
				3FA590C21DAD7F45003665A0 /* Below Me?Tests */,
				3FA590CD1DAD7F45003665A0 /* Below Me?UITests */,
			);
		};
/* End PBXProject section */

/* Begin PBXResourcesBuildPhase section */
		3FA590AD1DAD7F45003665A0 /* Resources */ = {
			isa = PBXResourcesBuildPhase;
			buildActionMask = 2147483647;
			files = (
				3FA590EA1DAD7FEC003665A0 /* LaunchScreen.storyboard in Resources */,
				3FA590EE1DAD8022003665A0 /* Results.storyboard in Resources */,
				3FA590E81DAD7FE2003665A0 /* Assets.xcassets in Resources */,
				3FA590E71DAD7FE2003665A0 /* Info.plist in Resources */,
				3FA590EC1DAD8009003665A0 /* Onboarding.storyboard in Resources */,
			);
			runOnlyForDeploymentPostprocessing = 0;
		};
		3FA590C11DAD7F45003665A0 /* Resources */ = {
			isa = PBXResourcesBuildPhase;
			buildActionMask = 2147483647;
			files = (
			);
			runOnlyForDeploymentPostprocessing = 0;
		};
		3FA590CC1DAD7F45003665A0 /* Resources */ = {
			isa = PBXResourcesBuildPhase;
			buildActionMask = 2147483647;
			files = (
			);
			runOnlyForDeploymentPostprocessing = 0;
		};
/* End PBXResourcesBuildPhase section */

/* Begin PBXShellScriptBuildPhase section */
		12C4C854FE61F46185D9E209 /* Embed Pods Frameworks */ = {
			isa = PBXShellScriptBuildPhase;
			buildActionMask = 2147483647;
			files = (
			);
			inputPaths = (
			);
			name = "Embed Pods Frameworks";
			outputPaths = (
			);
			runOnlyForDeploymentPostprocessing = 0;
			shellPath = /bin/sh;
			shellScript = "\"${SRCROOT}/Pods/Target Support Files/Pods-Below Me?/Pods-Below Me?-frameworks.sh\"\n";
			showEnvVarsInLog = 0;
		};
		22AC9CAE6293596F4EF88493 /* Check Pods Manifest.lock */ = {
			isa = PBXShellScriptBuildPhase;
			buildActionMask = 2147483647;
			files = (
			);
			inputPaths = (
			);
			name = "Check Pods Manifest.lock";
			outputPaths = (
			);
			runOnlyForDeploymentPostprocessing = 0;
			shellPath = /bin/sh;
			shellScript = "diff \"${PODS_ROOT}/../Podfile.lock\" \"${PODS_ROOT}/Manifest.lock\" > /dev/null\nif [[ $? != 0 ]] ; then\n    cat << EOM\nerror: The sandbox is not in sync with the Podfile.lock. Run 'pod install' or update your CocoaPods installation.\nEOM\n    exit 1\nfi\n";
			showEnvVarsInLog = 0;
		};
		775F0BE9233D7EEBD799AE5C /* Copy Pods Resources */ = {
			isa = PBXShellScriptBuildPhase;
			buildActionMask = 2147483647;
			files = (
			);
			inputPaths = (
			);
			name = "Copy Pods Resources";
			outputPaths = (
			);
			runOnlyForDeploymentPostprocessing = 0;
			shellPath = /bin/sh;
			shellScript = "\"${SRCROOT}/Pods/Target Support Files/Pods-Below Me?/Pods-Below Me?-resources.sh\"\n";
			showEnvVarsInLog = 0;
		};
/* End PBXShellScriptBuildPhase section */

/* Begin PBXSourcesBuildPhase section */
		3FA590AB1DAD7F45003665A0 /* Sources */ = {
			isa = PBXSourcesBuildPhase;
			buildActionMask = 2147483647;
			files = (
				3FA590F41DAD8094003665A0 /* APIUtils.swift in Sources */,
				3FA590FA1DAD81D9003665A0 /* OnboardingViewController.swift in Sources */,
				3FA590F21DAD8084003665A0 /* UserUtils.swift in Sources */,
				3F0693EE1DADD96D00969B6D /* ColorUtils.swift in Sources */,
				3FA590B31DAD7F45003665A0 /* AppDelegate.swift in Sources */,
				3FFCA0EC1DAD8A6F0009C165 /* Constants.swift in Sources */,
				3FA590F81DAD81B1003665A0 /* ResultsViewController.swift in Sources */,
				3FA590F01DAD8058003665A0 /* Place.swift in Sources */,
			);
			runOnlyForDeploymentPostprocessing = 0;
		};
		3FA590BF1DAD7F45003665A0 /* Sources */ = {
			isa = PBXSourcesBuildPhase;
			buildActionMask = 2147483647;
			files = (
				3FA590C81DAD7F45003665A0 /* Below_Me_Tests.swift in Sources */,
			);
			runOnlyForDeploymentPostprocessing = 0;
		};
		3FA590CA1DAD7F45003665A0 /* Sources */ = {
			isa = PBXSourcesBuildPhase;
			buildActionMask = 2147483647;
			files = (
				3FA590D31DAD7F45003665A0 /* Below_Me_UITests.swift in Sources */,
			);
			runOnlyForDeploymentPostprocessing = 0;
		};
/* End PBXSourcesBuildPhase section */

/* Begin PBXTargetDependency section */
		3FA590C51DAD7F45003665A0 /* PBXTargetDependency */ = {
			isa = PBXTargetDependency;
			target = 3FA590AE1DAD7F45003665A0 /* Below Me? */;
			targetProxy = 3FA590C41DAD7F45003665A0 /* PBXContainerItemProxy */;
		};
		3FA590D01DAD7F45003665A0 /* PBXTargetDependency */ = {
			isa = PBXTargetDependency;
			target = 3FA590AE1DAD7F45003665A0 /* Below Me? */;
			targetProxy = 3FA590CF1DAD7F45003665A0 /* PBXContainerItemProxy */;
		};
/* End PBXTargetDependency section */

/* Begin XCBuildConfiguration section */
		3FA590D51DAD7F45003665A0 /* Debug */ = {
			isa = XCBuildConfiguration;
			buildSettings = {
				ALWAYS_SEARCH_USER_PATHS = NO;
				CLANG_ANALYZER_NONNULL = YES;
				CLANG_CXX_LANGUAGE_STANDARD = "gnu++0x";
				CLANG_CXX_LIBRARY = "libc++";
				CLANG_ENABLE_MODULES = YES;
				CLANG_ENABLE_OBJC_ARC = YES;
				CLANG_WARN_BOOL_CONVERSION = YES;
				CLANG_WARN_CONSTANT_CONVERSION = YES;
				CLANG_WARN_DIRECT_OBJC_ISA_USAGE = YES_ERROR;
				CLANG_WARN_DOCUMENTATION_COMMENTS = YES;
				CLANG_WARN_EMPTY_BODY = YES;
				CLANG_WARN_ENUM_CONVERSION = YES;
				CLANG_WARN_INFINITE_RECURSION = YES;
				CLANG_WARN_INT_CONVERSION = YES;
				CLANG_WARN_OBJC_ROOT_CLASS = YES_ERROR;
				CLANG_WARN_SUSPICIOUS_MOVES = YES;
				CLANG_WARN_UNREACHABLE_CODE = YES;
				CLANG_WARN__DUPLICATE_METHOD_MATCH = YES;
				"CODE_SIGN_IDENTITY[sdk=iphoneos*]" = "iPhone Developer";
				COPY_PHASE_STRIP = NO;
				DEBUG_INFORMATION_FORMAT = dwarf;
				ENABLE_STRICT_OBJC_MSGSEND = YES;
				ENABLE_TESTABILITY = YES;
				GCC_C_LANGUAGE_STANDARD = gnu99;
				GCC_DYNAMIC_NO_PIC = NO;
				GCC_NO_COMMON_BLOCKS = YES;
				GCC_OPTIMIZATION_LEVEL = 0;
				GCC_PREPROCESSOR_DEFINITIONS = (
					"DEBUG=1",
					"$(inherited)",
				);
				GCC_WARN_64_TO_32_BIT_CONVERSION = YES;
				GCC_WARN_ABOUT_RETURN_TYPE = YES_ERROR;
				GCC_WARN_UNDECLARED_SELECTOR = YES;
				GCC_WARN_UNINITIALIZED_AUTOS = YES_AGGRESSIVE;
				GCC_WARN_UNUSED_FUNCTION = YES;
				GCC_WARN_UNUSED_VARIABLE = YES;
				IPHONEOS_DEPLOYMENT_TARGET = 10.0;
				MTL_ENABLE_DEBUG_INFO = YES;
				ONLY_ACTIVE_ARCH = YES;
				SDKROOT = iphoneos;
				SWIFT_ACTIVE_COMPILATION_CONDITIONS = DEBUG;
				SWIFT_OPTIMIZATION_LEVEL = "-Onone";
				TARGETED_DEVICE_FAMILY = "1,2";
			};
			name = Debug;
		};
		3FA590D61DAD7F45003665A0 /* Release */ = {
			isa = XCBuildConfiguration;
			buildSettings = {
				ALWAYS_SEARCH_USER_PATHS = NO;
				CLANG_ANALYZER_NONNULL = YES;
				CLANG_CXX_LANGUAGE_STANDARD = "gnu++0x";
				CLANG_CXX_LIBRARY = "libc++";
				CLANG_ENABLE_MODULES = YES;
				CLANG_ENABLE_OBJC_ARC = YES;
				CLANG_WARN_BOOL_CONVERSION = YES;
				CLANG_WARN_CONSTANT_CONVERSION = YES;
				CLANG_WARN_DIRECT_OBJC_ISA_USAGE = YES_ERROR;
				CLANG_WARN_DOCUMENTATION_COMMENTS = YES;
				CLANG_WARN_EMPTY_BODY = YES;
				CLANG_WARN_ENUM_CONVERSION = YES;
				CLANG_WARN_INFINITE_RECURSION = YES;
				CLANG_WARN_INT_CONVERSION = YES;
				CLANG_WARN_OBJC_ROOT_CLASS = YES_ERROR;
				CLANG_WARN_SUSPICIOUS_MOVES = YES;
				CLANG_WARN_UNREACHABLE_CODE = YES;
				CLANG_WARN__DUPLICATE_METHOD_MATCH = YES;
				"CODE_SIGN_IDENTITY[sdk=iphoneos*]" = "iPhone Developer";
				COPY_PHASE_STRIP = NO;
				DEBUG_INFORMATION_FORMAT = "dwarf-with-dsym";
				ENABLE_NS_ASSERTIONS = NO;
				ENABLE_STRICT_OBJC_MSGSEND = YES;
				GCC_C_LANGUAGE_STANDARD = gnu99;
				GCC_NO_COMMON_BLOCKS = YES;
				GCC_WARN_64_TO_32_BIT_CONVERSION = YES;
				GCC_WARN_ABOUT_RETURN_TYPE = YES_ERROR;
				GCC_WARN_UNDECLARED_SELECTOR = YES;
				GCC_WARN_UNINITIALIZED_AUTOS = YES_AGGRESSIVE;
				GCC_WARN_UNUSED_FUNCTION = YES;
				GCC_WARN_UNUSED_VARIABLE = YES;
				IPHONEOS_DEPLOYMENT_TARGET = 10.0;
				MTL_ENABLE_DEBUG_INFO = NO;
				SDKROOT = iphoneos;
				SWIFT_OPTIMIZATION_LEVEL = "-Owholemodule";
				TARGETED_DEVICE_FAMILY = "1,2";
				VALIDATE_PRODUCT = YES;
			};
			name = Release;
		};
		3FA590D81DAD7F45003665A0 /* Debug */ = {
			isa = XCBuildConfiguration;
			baseConfigurationReference = 7021D83AB151FF7DEA566331 /* Pods-Below Me?.debug.xcconfig */;
			buildSettings = {
				ASSETCATALOG_COMPILER_APPICON_NAME = AppIcon;
				DEVELOPMENT_TEAM = 4X4RG77KE5;
				INFOPLIST_FILE = "$(SRCROOT)/Below Me?/Supporting Files/Info.plist";
				IPHONEOS_DEPLOYMENT_TARGET = 9.0;
				LD_RUNPATH_SEARCH_PATHS = "$(inherited) @executable_path/Frameworks";
				PRODUCT_BUNDLE_IDENTIFIER = com.belowme.ei;
				PRODUCT_NAME = "$(TARGET_NAME)";
				SWIFT_VERSION = 3.0;
			};
			name = Debug;
		};
		3FA590D91DAD7F45003665A0 /* Release */ = {
			isa = XCBuildConfiguration;
			baseConfigurationReference = 8A7A9392D8723C8078B05FBD /* Pods-Below Me?.release.xcconfig */;
			buildSettings = {
				ASSETCATALOG_COMPILER_APPICON_NAME = AppIcon;
				DEVELOPMENT_TEAM = 4X4RG77KE5;
				INFOPLIST_FILE = "$(SRCROOT)/Below Me?/Supporting Files/Info.plist";
				IPHONEOS_DEPLOYMENT_TARGET = 9.0;
				LD_RUNPATH_SEARCH_PATHS = "$(inherited) @executable_path/Frameworks";
				PRODUCT_BUNDLE_IDENTIFIER = com.belowme.ei;
				PRODUCT_NAME = "$(TARGET_NAME)";
				SWIFT_VERSION = 3.0;
			};
			name = Release;
		};
		3FA590DB1DAD7F45003665A0 /* Debug */ = {
			isa = XCBuildConfiguration;
			buildSettings = {
				ALWAYS_EMBED_SWIFT_STANDARD_LIBRARIES = YES;
				BUNDLE_LOADER = "$(TEST_HOST)";
				DEVELOPMENT_TEAM = 4X4RG77KE5;
				INFOPLIST_FILE = "Below Me?Tests/Info.plist";
				LD_RUNPATH_SEARCH_PATHS = "$(inherited) @executable_path/Frameworks @loader_path/Frameworks";
				PRODUCT_BUNDLE_IDENTIFIER = "Mike-Stuck.Below-Me-Tests";
				PRODUCT_NAME = "$(TARGET_NAME)";
				SWIFT_VERSION = 3.0;
				TEST_HOST = "$(BUILT_PRODUCTS_DIR)/Below Me?.app/Below Me?";
			};
			name = Debug;
		};
		3FA590DC1DAD7F45003665A0 /* Release */ = {
			isa = XCBuildConfiguration;
			buildSettings = {
				ALWAYS_EMBED_SWIFT_STANDARD_LIBRARIES = YES;
				BUNDLE_LOADER = "$(TEST_HOST)";
				DEVELOPMENT_TEAM = 4X4RG77KE5;
				INFOPLIST_FILE = "Below Me?Tests/Info.plist";
				LD_RUNPATH_SEARCH_PATHS = "$(inherited) @executable_path/Frameworks @loader_path/Frameworks";
				PRODUCT_BUNDLE_IDENTIFIER = "Mike-Stuck.Below-Me-Tests";
				PRODUCT_NAME = "$(TARGET_NAME)";
				SWIFT_VERSION = 3.0;
				TEST_HOST = "$(BUILT_PRODUCTS_DIR)/Below Me?.app/Below Me?";
			};
			name = Release;
		};
		3FA590DE1DAD7F45003665A0 /* Debug */ = {
			isa = XCBuildConfiguration;
			buildSettings = {
				ALWAYS_EMBED_SWIFT_STANDARD_LIBRARIES = YES;
				DEVELOPMENT_TEAM = 4X4RG77KE5;
				INFOPLIST_FILE = "Below Me?UITests/Info.plist";
				LD_RUNPATH_SEARCH_PATHS = "$(inherited) @executable_path/Frameworks @loader_path/Frameworks";
				PRODUCT_BUNDLE_IDENTIFIER = "Mike-Stuck.Below-Me-UITests";
				PRODUCT_NAME = "$(TARGET_NAME)";
				SWIFT_VERSION = 3.0;
				TEST_TARGET_NAME = "Below Me?";
			};
			name = Debug;
		};
		3FA590DF1DAD7F45003665A0 /* Release */ = {
			isa = XCBuildConfiguration;
			buildSettings = {
				ALWAYS_EMBED_SWIFT_STANDARD_LIBRARIES = YES;
				DEVELOPMENT_TEAM = 4X4RG77KE5;
				INFOPLIST_FILE = "Below Me?UITests/Info.plist";
				LD_RUNPATH_SEARCH_PATHS = "$(inherited) @executable_path/Frameworks @loader_path/Frameworks";
				PRODUCT_BUNDLE_IDENTIFIER = "Mike-Stuck.Below-Me-UITests";
				PRODUCT_NAME = "$(TARGET_NAME)";
				SWIFT_VERSION = 3.0;
				TEST_TARGET_NAME = "Below Me?";
			};
			name = Release;
		};
/* End XCBuildConfiguration section */

/* Begin XCConfigurationList section */
		3FA590AA1DAD7F45003665A0 /* Build configuration list for PBXProject "Below Me?" */ = {
			isa = XCConfigurationList;
			buildConfigurations = (
				3FA590D51DAD7F45003665A0 /* Debug */,
				3FA590D61DAD7F45003665A0 /* Release */,
			);
			defaultConfigurationIsVisible = 0;
			defaultConfigurationName = Release;
		};
		3FA590D71DAD7F45003665A0 /* Build configuration list for PBXNativeTarget "Below Me?" */ = {
			isa = XCConfigurationList;
			buildConfigurations = (
				3FA590D81DAD7F45003665A0 /* Debug */,
				3FA590D91DAD7F45003665A0 /* Release */,
			);
			defaultConfigurationIsVisible = 0;
			defaultConfigurationName = Release;
		};
		3FA590DA1DAD7F45003665A0 /* Build configuration list for PBXNativeTarget "Below Me?Tests" */ = {
			isa = XCConfigurationList;
			buildConfigurations = (
				3FA590DB1DAD7F45003665A0 /* Debug */,
				3FA590DC1DAD7F45003665A0 /* Release */,
			);
			defaultConfigurationIsVisible = 0;
			defaultConfigurationName = Release;
		};
		3FA590DD1DAD7F45003665A0 /* Build configuration list for PBXNativeTarget "Below Me?UITests" */ = {
			isa = XCConfigurationList;
			buildConfigurations = (
				3FA590DE1DAD7F45003665A0 /* Debug */,
				3FA590DF1DAD7F45003665A0 /* Release */,
			);
			defaultConfigurationIsVisible = 0;
			defaultConfigurationName = Release;
		};
/* End XCConfigurationList section */
	};
	rootObject = 3FA590A71DAD7F45003665A0 /* Project object */;
}
